{
  "nodes": {
    "flake-compat": {
      "flake": false,
      "locked": {
        "lastModified": 1606424373,
        "narHash": "sha256-oq8d4//CJOrVj+EcOaSXvMebvuTkmBJuT5tzlfewUnQ=",
        "owner": "edolstra",
        "repo": "flake-compat",
        "rev": "99f1c2157fba4bfe6211a321fd0ee43199025dbf",
        "type": "github"
      },
      "original": {
        "owner": "edolstra",
        "repo": "flake-compat",
        "type": "github"
      }
    },
    "majordomo": {
      "inputs": {
        "flake-compat": "flake-compat",
        "nixpkgs": "nixpkgs",
        "nixpkgs-deprecated": "nixpkgs-deprecated",
        "nixpkgs-stable": "nixpkgs-stable",
        "nixpkgs-unstable": "nixpkgs-unstable"
      },
      "locked": {
        "lastModified": 1625645804,
        "narHash": "sha256-/rRjQZ6xkbAem37yOgsl5BeJbCsROp1sLB3D4dDd+fY=",
        "ref": "master",
        "rev": "edcc5283379bd52b6ea228401f4dda2ebce8a716",
        "revCount": 876,
        "type": "git",
        "url": "https://gitlab.intr/_ci/nixpkgs"
      },
      "original": {
        "type": "git",
        "url": "https://gitlab.intr/_ci/nixpkgs"
      }
    },
    "nixpkgs": {
      "flake": false,
      "locked": {
        "lastModified": 1570630026,
        "narHash": "sha256-IjHyx3uz9jYBh5R9v6lea5Hd/F6iYTBcyHkXHwSGGFY=",
        "owner": "NixOS",
        "repo": "nixpkgs",
        "rev": "d5291756487d70bc336e33512a9baf9fa1788faf",
        "type": "github"
      },
      "original": {
        "owner": "NixOS",
        "ref": "19.09",
        "repo": "nixpkgs",
        "type": "github"
      }
    },
    "nixpkgs-deprecated": {
      "flake": false,
      "locked": {
        "lastModified": 1443642366,
        "narHash": "sha256-VuzP9RfndgC6yhL2U8X6stGULoOHr1HcscympKUgwV4=",
        "owner": "NixOS",
        "repo": "nixpkgs",
        "rev": "9c31c72cafe536e0c21238b2d47a23bfe7d1b033",
        "type": "github"
      },
      "original": {
        "owner": "NixOS",
        "ref": "15.09",
        "repo": "nixpkgs",
        "type": "github"
      }
    },
    "nixpkgs-stable": {
      "locked": {
        "lastModified": 1606789930,
        "narHash": "sha256-fIDdUZHX6OnErpv+ZXEM/479z8WKNyNX9ALsHQpjoeA=",
        "owner": "NixOS",
        "repo": "nixpkgs",
        "rev": "2fbcd0b9df95306199407e36a038d2cc3aa24786",
        "type": "github"
      },
      "original": {
        "id": "nixpkgs",
        "ref": "nixos-20.09",
        "type": "indirect"
      }
    },
    "nixpkgs-unstable": {
      "locked": {
        "lastModified": 1625512941,
        "narHash": "sha256-P2POZzfG+Hp8ktIWwkOs/OMB8jSsQvIPQaLO0swpgZo=",
        "owner": "NixOS",
        "repo": "nixpkgs",
        "rev": "3e0ce8c5d478d06b37a4faa7a4cc8642c6bb97de",
        "type": "github"
      },
      "original": {
        "id": "nixpkgs",
        "ref": "nixpkgs-unstable",
        "type": "indirect"
      }
    },
    "nixpkgs_2": {
      "locked": {
        "lastModified": 1607343071,
        "narHash": "sha256-kREtUj0DpuBAb2ArYHvcwhN1WX9KBLiGVFT9KWtnU40=",
        "owner": "NixOS",
        "repo": "nixpkgs",
        "rev": "a817ce3adac8057216fa27326bf8c36e19a04fa6",
        "type": "github"
      },
      "original": {
        "id": "nixpkgs",
        "type": "indirect"
      }
    },
    "root": {
      "inputs": {
        "majordomo": "majordomo",
        "nixpkgs": "nixpkgs_2"
      }
    }
  },
  "root": "root",
  "version": 7
}
